{
  "name": "playscript",
  "version": "1.0.0",
  "lockfileVersion": 1,
  "requires": true,
  "dependencies": {
    "antlr4": {
      "version": "4.8.0",
      "resolved": "https://registry.npm.taobao.org/antlr4/download/antlr4-4.8.0.tgz",
      "integrity": "sha1-+TjsFxvn/ChVzTpTPodkcYWzK2o="
    }
  }
}
